<?xml version="1.0" encoding="UTF-8" standalone="yes" ?>
<CodeBlocks_project_file>
	<FileVersion major="1" minor="6" />
	<Project>
		<Option title="stl" />
		<Option pch_mode="2" />
		<Option compiler="gcc" />
		<Build>
			<Target title="Debug">
				<Option output="bin/Debug/stl" prefix_auto="1" extension_auto="1" />
				<Option object_output="obj/Debug/" />
				<Option type="1" />
				<Option compiler="gcc" />
				<Compiler>
					<Add option="-g" />
				</Compiler>
			</Target>
			<Target title="Release">
				<Option output="bin/Release/stl" prefix_auto="1" extension_auto="1" />
				<Option object_output="obj/Release/" />
				<Option type="1" />
				<Option compiler="gcc" />
				<Compiler>
					<Add option="-O2" />
				</Compiler>
				<Linker>
					<Add option="-s" />
				</Linker>
			</Target>
		</Build>
		<Compiler>
			<Add option="-Wall" />
			<Add option="-fexceptions" />
		</Compiler>
		<Unit filename="algo.h" />
		<Unit filename="algobase.h" />
		<Unit filename="alloc.h" />
		<Unit filename="bvector.h" />
		<Unit filename="char_traits.h" />
		<Unit filename="concept_checks.h" />
		<Unit filename="container_concepts.h" />
		<Unit filename="defalloc.h" />
		<Unit filename="deque.h" />
		<Unit filename="function.h" />
		<Unit filename="hash_map.h" />
		<Unit filename="hash_set.h" />
		<Unit filename="hashtable.h" />
		<Unit filename="heap.h" />
		<Unit filename="iterator.h" />
		<Unit filename="list.h" />
		<Unit filename="main.cpp" />
		<Unit filename="map.h" />
		<Unit filename="multimap.h" />
		<Unit filename="multiset.h" />
		<Unit filename="pair.h" />
		<Unit filename="pthread_alloc.h" />
		<Unit filename="rope.h" />
		<Unit filename="ropeimpl.h" />
		<Unit filename="sequence_concepts.h" />
		<Unit filename="set.h" />
		<Unit filename="slist.h" />
		<Unit filename="stack.h" />
		<Unit filename="stl_algo.h" />
		<Unit filename="stl_algobase.h" />
		<Unit filename="stl_alloc.h" />
		<Unit filename="stl_bvector.h" />
		<Unit filename="stl_config.h" />
		<Unit filename="stl_construct.h" />
		<Unit filename="stl_ctraits_fns.h" />
		<Unit filename="stl_deque.h" />
		<Unit filename="stl_exception.h" />
		<Unit filename="stl_function.h" />
		<Unit filename="stl_hash_fun.h" />
		<Unit filename="stl_hash_map.h" />
		<Unit filename="stl_hash_set.h" />
		<Unit filename="stl_hashtable.h" />
		<Unit filename="stl_heap.h" />
		<Unit filename="stl_iterator.h" />
		<Unit filename="stl_iterator_base.h" />
		<Unit filename="stl_list.h" />
		<Unit filename="stl_map.h" />
		<Unit filename="stl_multimap.h" />
		<Unit filename="stl_multiset.h" />
		<Unit filename="stl_numeric.h" />
		<Unit filename="stl_pair.h" />
		<Unit filename="stl_queue.h" />
		<Unit filename="stl_range_errors.h" />
		<Unit filename="stl_raw_storage_iter.h" />
		<Unit filename="stl_relops.h" />
		<Unit filename="stl_rope.h" />
		<Unit filename="stl_set.h" />
		<Unit filename="stl_slist.h" />
		<Unit filename="stl_stack.h" />
		<Unit filename="stl_string_fwd.h" />
		<Unit filename="stl_tempbuf.h" />
		<Unit filename="stl_threads.h" />
		<Unit filename="stl_tree.h" />
		<Unit filename="stl_uninitialized.h" />
		<Unit filename="stl_vector.h" />
		<Unit filename="tempbuf.h" />
		<Unit filename="tree.h" />
		<Unit filename="type_traits.h" />
		<Unit filename="vector.h" />
		<Extensions>
			<code_completion />
			<envvars />
			<debugger />
		</Extensions>
	</Project>
</CodeBlocks_project_file>
